
Microsoft Visual Studio Solution File, Format Version 12.00
# Visual Studio Version 16
VisualStudioVersion = 16.0.29728.190
MinimumVisualStudioVersion = 10.0.40219.1
Project("{9A19103F-16F7-4668-BE54-9A1E7A4F7556}") = "BBKRPGSimulator.Core", "src\BBKRPGSimulator.Core\BBKRPGSimulator.Core.csproj", "{9C573CCF-B677-49F9-B362-60EB9024BB9A}"
EndProject
Project("{9A19103F-16F7-4668-BE54-9A1E7A4F7556}") = "BBKRPGSimulator.Winform", "src\BBKRPGSimulator.Winform\BBKRPGSimulator.Winform.csproj", "{4AEF1CF3-21CB-483B-8518-3A310DD40F17}"
EndProject
Global
	GlobalSection(SolutionConfigurationPlatforms) = preSolution
		Debug|Any CPU = Debug|Any CPU
		Release|Any CPU = Release|Any CPU
	EndGlobalSection
	GlobalSection(ProjectConfigurationPlatforms) = postSolution
		{9C573CCF-B677-49F9-B362-60EB9024BB9A}.Debug|Any CPU.ActiveCfg = Debug|Any CPU
		{9C573CCF-B677-49F9-B362-60EB9024BB9A}.Debug|Any CPU.Build.0 = Debug|Any CPU
		{9C573CCF-B677-49F9-B362-60EB9024BB9A}.Release|Any CPU.ActiveCfg = Release|Any CPU
		{9C573CCF-B677-49F9-B362-60EB9024BB9A}.Release|Any CPU.Build.0 = Release|Any CPU
		{4AEF1CF3-21CB-483B-8518-3A310DD40F17}.Debug|Any CPU.ActiveCfg = Debug|Any CPU
		{4AEF1CF3-21CB-483B-8518-3A310DD40F17}.Debug|Any CPU.Build.0 = Debug|Any CPU
		{4AEF1CF3-21CB-483B-8518-3A310DD40F17}.Release|Any CPU.ActiveCfg = Release|Any CPU
		{4AEF1CF3-21CB-483B-8518-3A310DD40F17}.Release|Any CPU.Build.0 = Release|Any CPU
	EndGlobalSection
	GlobalSection(SolutionProperties) = preSolution
		HideSolutionNode = FALSE
	EndGlobalSection
	GlobalSection(ExtensibilityGlobals) = postSolution
		SolutionGuid = {B05435AF-29C9-4D80-9CC6-19C8ED9FD7EA}
	EndGlobalSection
EndGlobal
